// !$*UTF8*$!
{
	archiveVersion = 1;
	classes = {
	};
	objectVersion = 77;
	objects = {

/* Begin PBXBuildFile section */
		844087DB2DA192CC00D7779F /* PhotoCleanerApp.swift in Sources */ = {isa = PBXBuildFile; fileRef = 844087D82DA192CC00D7779F /* PhotoCleanerApp.swift */; };
		844087DC2DA192CC00D7779F /* Preview Assets.xcassets in Resources */ = {isa = PBXBuildFile; fileRef = 844087D42DA192CC00D7779F /* Preview Assets.xcassets */; };
		844087DD2DA192CC00D7779F /* Assets.xcassets in Resources */ = {isa = PBXBuildFile; fileRef = 844087D62DA192CC00D7779F /* Assets.xcassets */; };
		8462AED02DA9603F0033D629 /* FullScreenPhotoView.swift in Sources */ = {isa = PBXBuildFile; fileRef = 8462AECC2DA9603F0033D629 /* FullScreenPhotoView.swift */; };
		8462AED12DA9603F0033D629 /* MainView.swift in Sources */ = {isa = PBXBuildFile; fileRef = 8462AECD2DA9603F0033D629 /* MainView.swift */; };
		8462AED22DA9603F0033D629 /* PhotoThumbnailView.swift in Sources */ = {isa = PBXBuildFile; fileRef = 8462AECE2DA9603F0033D629 /* PhotoThumbnailView.swift */; };
		8462AED42DA960780033D629 /* FullScreenPhotoItem.swift in Sources */ = {isa = PBXBuildFile; fileRef = 8462AED32DA960780033D629 /* FullScreenPhotoItem.swift */; };
		8462AED62DA960960033D629 /* MiniPhotoView.swift in Sources */ = {isa = PBXBuildFile; fileRef = 8462AED52DA960960033D629 /* MiniPhotoView.swift */; };
		8462AEDA2DA979B70033D629 /* DeletionSummaryView.swift in Sources */ = {isa = PBXBuildFile; fileRef = 8462AED92DA979B70033D629 /* DeletionSummaryView.swift */; };
/* End PBXBuildFile section */

/* Begin PBXFileReference section */
		844087C32DA192C200D7779F /* PhotoCleaner.app */ = {isa = PBXFileReference; explicitFileType = wrapper.application; includeInIndex = 0; path = PhotoCleaner.app; sourceTree = BUILT_PRODUCTS_DIR; };
		844087D42DA192CC00D7779F /* Preview Assets.xcassets */ = {isa = PBXFileReference; lastKnownFileType = folder.assetcatalog; path = "Preview Assets.xcassets"; sourceTree = "<group>"; };
		844087D62DA192CC00D7779F /* Assets.xcassets */ = {isa = PBXFileReference; lastKnownFileType = folder.assetcatalog; path = Assets.xcassets; sourceTree = "<group>"; };
		844087D82DA192CC00D7779F /* PhotoCleanerApp.swift */ = {isa = PBXFileReference; lastKnownFileType = sourcecode.swift; path = PhotoCleanerApp.swift; sourceTree = "<group>"; };
		8462AECC2DA9603F0033D629 /* FullScreenPhotoView.swift */ = {isa = PBXFileReference; lastKnownFileType = sourcecode.swift; path = FullScreenPhotoView.swift; sourceTree = "<group>"; };
		8462AECD2DA9603F0033D629 /* MainView.swift */ = {isa = PBXFileReference; lastKnownFileType = sourcecode.swift; path = MainView.swift; sourceTree = "<group>"; };
		8462AECE2DA9603F0033D629 /* PhotoThumbnailView.swift */ = {isa = PBXFileReference; lastKnownFileType = sourcecode.swift; path = PhotoThumbnailView.swift; sourceTree = "<group>"; };
		8462AED32DA960780033D629 /* FullScreenPhotoItem.swift */ = {isa = PBXFileReference; lastKnownFileType = sourcecode.swift; path = FullScreenPhotoItem.swift; sourceTree = "<group>"; };
		8462AED52DA960960033D629 /* MiniPhotoView.swift */ = {isa = PBXFileReference; lastKnownFileType = sourcecode.swift; path = MiniPhotoView.swift; sourceTree = "<group>"; };
		8462AED92DA979B70033D629 /* DeletionSummaryView.swift */ = {isa = PBXFileReference; lastKnownFileType = sourcecode.swift; path = DeletionSummaryView.swift; sourceTree = "<group>"; };
/* End PBXFileReference section */

/* Begin PBXFileSystemSynchronizedRootGroup section */
		844087E92DA2A44600D7779F /* ViewModel */ = {
			isa = PBXFileSystemSynchronizedRootGroup;
			path = ViewModel;
			sourceTree = "<group>";
		};
		844087EA2DA2A44F00D7779F /* Model */ = {
			isa = PBXFileSystemSynchronizedRootGroup;
			path = Model;
			sourceTree = "<group>";
		};
		844087EB2DA2A45400D7779F /* Service */ = {
			isa = PBXFileSystemSynchronizedRootGroup;
			path = Service;
			sourceTree = "<group>";
		};
		8462AEBF2DA95EFC0033D629 /* Extension */ = {
			isa = PBXFileSystemSynchronizedRootGroup;
			path = Extension;
			sourceTree = "<group>";
		};
/* End PBXFileSystemSynchronizedRootGroup section */

/* Begin PBXFrameworksBuildPhase section */
		844087C02DA192C200D7779F /* Frameworks */ = {
			isa = PBXFrameworksBuildPhase;
			buildActionMask = 2147483647;
			files = (
			);
			runOnlyForDeploymentPostprocessing = 0;
		};
/* End PBXFrameworksBuildPhase section */

/* Begin PBXGroup section */
		844087BA2DA192C200D7779F = {
			isa = PBXGroup;
			children = (
				844087D92DA192CC00D7779F /* PhotoCleaner */,
				844087C42DA192C200D7779F /* Products */,
			);
			sourceTree = "<group>";
		};
		844087C42DA192C200D7779F /* Products */ = {
			isa = PBXGroup;
			children = (
				844087C32DA192C200D7779F /* PhotoCleaner.app */,
			);
			name = Products;
			sourceTree = "<group>";
		};
		844087D52DA192CC00D7779F /* Preview Content */ = {
			isa = PBXGroup;
			children = (
				844087D42DA192CC00D7779F /* Preview Assets.xcassets */,
			);
			path = "Preview Content";
			sourceTree = "<group>";
		};
		844087D92DA192CC00D7779F /* PhotoCleaner */ = {
			isa = PBXGroup;
			children = (
				844087D82DA192CC00D7779F /* PhotoCleanerApp.swift */,
				844087EB2DA2A45400D7779F /* Service */,
				8462AEBF2DA95EFC0033D629 /* Extension */,
				844087EA2DA2A44F00D7779F /* Model */,
				8462AECF2DA9603F0033D629 /* View */,
				844087E92DA2A44600D7779F /* ViewModel */,
				844087D52DA192CC00D7779F /* Preview Content */,
				844087D62DA192CC00D7779F /* Assets.xcassets */,
			);
			path = PhotoCleaner;
			sourceTree = "<group>";
		};
		8462AECF2DA9603F0033D629 /* View */ = {
			isa = PBXGroup;
			children = (
				8462AECD2DA9603F0033D629 /* MainView.swift */,
				8462AECC2DA9603F0033D629 /* FullScreenPhotoView.swift */,
				8462AECE2DA9603F0033D629 /* PhotoThumbnailView.swift */,
				8462AED32DA960780033D629 /* FullScreenPhotoItem.swift */,
				8462AED52DA960960033D629 /* MiniPhotoView.swift */,
				8462AED92DA979B70033D629 /* DeletionSummaryView.swift */,
			);
			path = View;
			sourceTree = "<group>";
		};
/* End PBXGroup section */

/* Begin PBXNativeTarget section */
		844087C22DA192C200D7779F /* PhotoCleaner */ = {
			isa = PBXNativeTarget;
			buildConfigurationList = 844087D12DA192C300D7779F /* Build configuration list for PBXNativeTarget "PhotoCleaner" */;
			buildPhases = (
				844087BF2DA192C200D7779F /* Sources */,
				844087C02DA192C200D7779F /* Frameworks */,
				844087C12DA192C200D7779F /* Resources */,
			);
			buildRules = (
			);
			dependencies = (
			);
			fileSystemSynchronizedGroups = (
				844087E92DA2A44600D7779F /* ViewModel */,
				844087EA2DA2A44F00D7779F /* Model */,
				844087EB2DA2A45400D7779F /* Service */,
				8462AEBF2DA95EFC0033D629 /* Extension */,
			);
			name = PhotoCleaner;
			packageProductDependencies = (
			);
			productName = PhotoCleaner;
			productReference = 844087C32DA192C200D7779F /* PhotoCleaner.app */;
			productType = "com.apple.product-type.application";
		};
/* End PBXNativeTarget section */

/* Begin PBXProject section */
		844087BB2DA192C200D7779F /* Project object */ = {
			isa = PBXProject;
			attributes = {
				BuildIndependentTargetsInParallel = 1;
				LastSwiftUpdateCheck = 1600;
				LastUpgradeCheck = 1600;
				TargetAttributes = {
					844087C22DA192C200D7779F = {
						CreatedOnToolsVersion = 16.0;
					};
				};
			};
			buildConfigurationList = 844087BE2DA192C200D7779F /* Build configuration list for PBXProject "PhotoCleaner" */;
			developmentRegion = en;
			hasScannedForEncodings = 0;
			knownRegions = (
				en,
				Base,
			);
			mainGroup = 844087BA2DA192C200D7779F;
			minimizedProjectReferenceProxies = 1;
			preferredProjectObjectVersion = 77;
			productRefGroup = 844087C42DA192C200D7779F /* Products */;
			projectDirPath = "";
			projectRoot = "";
			targets = (
				844087C22DA192C200D7779F /* PhotoCleaner */,
			);
		};
/* End PBXProject section */

/* Begin PBXResourcesBuildPhase section */
		844087C12DA192C200D7779F /* Resources */ = {
			isa = PBXResourcesBuildPhase;
			buildActionMask = 2147483647;
			files = (
				844087DC2DA192CC00D7779F /* Preview Assets.xcassets in Resources */,
				844087DD2DA192CC00D7779F /* Assets.xcassets in Resources */,
			);
			runOnlyForDeploymentPostprocessing = 0;
		};
/* End PBXResourcesBuildPhase section */

/* Begin PBXSourcesBuildPhase section */
		844087BF2DA192C200D7779F /* Sources */ = {
			isa = PBXSourcesBuildPhase;
			buildActionMask = 2147483647;
			files = (
				8462AED62DA960960033D629 /* MiniPhotoView.swift in Sources */,
				8462AEDA2DA979B70033D629 /* DeletionSummaryView.swift in Sources */,
				8462AED42DA960780033D629 /* FullScreenPhotoItem.swift in Sources */,
				8462AED02DA9603F0033D629 /* FullScreenPhotoView.swift in Sources */,
				8462AED12DA9603F0033D629 /* MainView.swift in Sources */,
				8462AED22DA9603F0033D629 /* PhotoThumbnailView.swift in Sources */,
				844087DB2DA192CC00D7779F /* PhotoCleanerApp.swift in Sources */,
			);
			runOnlyForDeploymentPostprocessing = 0;
		};
/* End PBXSourcesBuildPhase section */

/* Begin XCBuildConfiguration section */
		844087CF2DA192C300D7779F /* Debug */ = {
			isa = XCBuildConfiguration;
			buildSettings = {
				ALWAYS_SEARCH_USER_PATHS = NO;
				ASSETCATALOG_COMPILER_GENERATE_SWIFT_ASSET_SYMBOL_EXTENSIONS = YES;
				CLANG_ANALYZER_NONNULL = YES;
				CLANG_ANALYZER_NUMBER_OBJECT_CONVERSION = YES_AGGRESSIVE;
				CLANG_CXX_LANGUAGE_STANDARD = "gnu++20";
				CLANG_ENABLE_MODULES = YES;
				CLANG_ENABLE_OBJC_ARC = YES;
				CLANG_ENABLE_OBJC_WEAK = YES;
				CLANG_WARN_BLOCK_CAPTURE_AUTORELEASING = YES;
				CLANG_WARN_BOOL_CONVERSION = YES;
				CLANG_WARN_COMMA = YES;
				CLANG_WARN_CONSTANT_CONVERSION = YES;
				CLANG_WARN_DEPRECATED_OBJC_IMPLEMENTATIONS = YES;
				CLANG_WARN_DIRECT_OBJC_ISA_USAGE = YES_ERROR;
				CLANG_WARN_DOCUMENTATION_COMMENTS = YES;
				CLANG_WARN_EMPTY_BODY = YES;
				CLANG_WARN_ENUM_CONVERSION = YES;
				CLANG_WARN_INFINITE_RECURSION = YES;
				CLANG_WARN_INT_CONVERSION = YES;
				CLANG_WARN_NON_LITERAL_NULL_CONVERSION = YES;
				CLANG_WARN_OBJC_IMPLICIT_RETAIN_SELF = YES;
				CLANG_WARN_OBJC_LITERAL_CONVERSION = YES;
				CLANG_WARN_OBJC_ROOT_CLASS = YES_ERROR;
				CLANG_WARN_QUOTED_INCLUDE_IN_FRAMEWORK_HEADER = YES;
				CLANG_WARN_RANGE_LOOP_ANALYSIS = YES;
				CLANG_WARN_STRICT_PROTOTYPES = YES;
				CLANG_WARN_SUSPICIOUS_MOVE = YES;
				CLANG_WARN_UNGUARDED_AVAILABILITY = YES_AGGRESSIVE;
				CLANG_WARN_UNREACHABLE_CODE = YES;
				CLANG_WARN__DUPLICATE_METHOD_MATCH = YES;
				COPY_PHASE_STRIP = NO;
				DEBUG_INFORMATION_FORMAT = dwarf;
				ENABLE_STRICT_OBJC_MSGSEND = YES;
				ENABLE_TESTABILITY = YES;
				ENABLE_USER_SCRIPT_SANDBOXING = YES;
				GCC_C_LANGUAGE_STANDARD = gnu17;
				GCC_DYNAMIC_NO_PIC = NO;
				GCC_NO_COMMON_BLOCKS = YES;
				GCC_OPTIMIZATION_LEVEL = 0;
				GCC_PREPROCESSOR_DEFINITIONS = (
					"DEBUG=1",
					"$(inherited)",
				);
				GCC_WARN_64_TO_32_BIT_CONVERSION = YES;
				GCC_WARN_ABOUT_RETURN_TYPE = YES_ERROR;
				GCC_WARN_UNDECLARED_SELECTOR = YES;
				GCC_WARN_UNINITIALIZED_AUTOS = YES_AGGRESSIVE;
				GCC_WARN_UNUSED_FUNCTION = YES;
				GCC_WARN_UNUSED_VARIABLE = YES;
				IPHONEOS_DEPLOYMENT_TARGET = 18.0;
				LOCALIZATION_PREFERS_STRING_CATALOGS = YES;
				MTL_ENABLE_DEBUG_INFO = INCLUDE_SOURCE;
				MTL_FAST_MATH = YES;
				ONLY_ACTIVE_ARCH = YES;
				SDKROOT = iphoneos;
				SWIFT_ACTIVE_COMPILATION_CONDITIONS = "DEBUG $(inherited)";
				SWIFT_OPTIMIZATION_LEVEL = "-Onone";
			};
			name = Debug;
		};
		844087D02DA192C300D7779F /* Release */ = {
			isa = XCBuildConfiguration;
			buildSettings = {
				ALWAYS_SEARCH_USER_PATHS = NO;
				ASSETCATALOG_COMPILER_GENERATE_SWIFT_ASSET_SYMBOL_EXTENSIONS = YES;
				CLANG_ANALYZER_NONNULL = YES;
				CLANG_ANALYZER_NUMBER_OBJECT_CONVERSION = YES_AGGRESSIVE;
				CLANG_CXX_LANGUAGE_STANDARD = "gnu++20";
				CLANG_ENABLE_MODULES = YES;
				CLANG_ENABLE_OBJC_ARC = YES;
				CLANG_ENABLE_OBJC_WEAK = YES;
				CLANG_WARN_BLOCK_CAPTURE_AUTORELEASING = YES;
				CLANG_WARN_BOOL_CONVERSION = YES;
				CLANG_WARN_COMMA = YES;
				CLANG_WARN_CONSTANT_CONVERSION = YES;
				CLANG_WARN_DEPRECATED_OBJC_IMPLEMENTATIONS = YES;
				CLANG_WARN_DIRECT_OBJC_ISA_USAGE = YES_ERROR;
				CLANG_WARN_DOCUMENTATION_COMMENTS = YES;
				CLANG_WARN_EMPTY_BODY = YES;
				CLANG_WARN_ENUM_CONVERSION = YES;
				CLANG_WARN_INFINITE_RECURSION = YES;
				CLANG_WARN_INT_CONVERSION = YES;
				CLANG_WARN_NON_LITERAL_NULL_CONVERSION = YES;
				CLANG_WARN_OBJC_IMPLICIT_RETAIN_SELF = YES;
				CLANG_WARN_OBJC_LITERAL_CONVERSION = YES;
				CLANG_WARN_OBJC_ROOT_CLASS = YES_ERROR;
				CLANG_WARN_QUOTED_INCLUDE_IN_FRAMEWORK_HEADER = YES;
				CLANG_WARN_RANGE_LOOP_ANALYSIS = YES;
				CLANG_WARN_STRICT_PROTOTYPES = YES;
				CLANG_WARN_SUSPICIOUS_MOVE = YES;
				CLANG_WARN_UNGUARDED_AVAILABILITY = YES_AGGRESSIVE;
				CLANG_WARN_UNREACHABLE_CODE = YES;
				CLANG_WARN__DUPLICATE_METHOD_MATCH = YES;
				COPY_PHASE_STRIP = NO;
				DEBUG_INFORMATION_FORMAT = "dwarf-with-dsym";
				ENABLE_NS_ASSERTIONS = NO;
				ENABLE_STRICT_OBJC_MSGSEND = YES;
				ENABLE_USER_SCRIPT_SANDBOXING = YES;
				GCC_C_LANGUAGE_STANDARD = gnu17;
				GCC_NO_COMMON_BLOCKS = YES;
				GCC_WARN_64_TO_32_BIT_CONVERSION = YES;
				GCC_WARN_ABOUT_RETURN_TYPE = YES_ERROR;
				GCC_WARN_UNDECLARED_SELECTOR = YES;
				GCC_WARN_UNINITIALIZED_AUTOS = YES_AGGRESSIVE;
				GCC_WARN_UNUSED_FUNCTION = YES;
				GCC_WARN_UNUSED_VARIABLE = YES;
				IPHONEOS_DEPLOYMENT_TARGET = 18.0;
				LOCALIZATION_PREFERS_STRING_CATALOGS = YES;
				MTL_ENABLE_DEBUG_INFO = NO;
				MTL_FAST_MATH = YES;
				SDKROOT = iphoneos;
				SWIFT_COMPILATION_MODE = wholemodule;
				VALIDATE_PRODUCT = YES;
			};
			name = Release;
		};
		844087D22DA192C300D7779F /* Debug */ = {
			isa = XCBuildConfiguration;
			buildSettings = {
				ASSETCATALOG_COMPILER_APPICON_NAME = AppIcon;
				ASSETCATALOG_COMPILER_GLOBAL_ACCENT_COLOR_NAME = AccentColor;
				CODE_SIGN_IDENTITY = "Apple Development";
				CODE_SIGN_STYLE = Automatic;
				CURRENT_PROJECT_VERSION = 1;
				DEVELOPMENT_ASSET_PATHS = "\"PhotoCleaner/Preview Content\"";
				DEVELOPMENT_TEAM = CN66MVDHVX;
				ENABLE_PREVIEWS = YES;
				GENERATE_INFOPLIST_FILE = YES;
				INFOPLIST_KEY_NSPhotoLibraryUsageDescription = "$(PPOTOS)";
				INFOPLIST_KEY_UIApplicationSceneManifest_Generation = YES;
				INFOPLIST_KEY_UIApplicationSupportsIndirectInputEvents = YES;
				INFOPLIST_KEY_UILaunchScreen_Generation = YES;
				INFOPLIST_KEY_UISupportedInterfaceOrientations_iPad = "UIInterfaceOrientationPortrait UIInterfaceOrientationPortraitUpsideDown UIInterfaceOrientationLandscapeLeft UIInterfaceOrientationLandscapeRight";
				INFOPLIST_KEY_UISupportedInterfaceOrientations_iPhone = "UIInterfaceOrientationPortrait UIInterfaceOrientationLandscapeLeft UIInterfaceOrientationLandscapeRight";
				LD_RUNPATH_SEARCH_PATHS = (
					"$(inherited)",
					"@executable_path/Frameworks",
				);
				MARKETING_VERSION = 1.0;
				PRODUCT_BUNDLE_IDENTIFIER = alex.com.PhotoCleaner;
				PRODUCT_NAME = "$(TARGET_NAME)";
				PROVISIONING_PROFILE_SPECIFIER = "";
				SWIFT_EMIT_LOC_STRINGS = YES;
				SWIFT_VERSION = 5.0;
				TARGETED_DEVICE_FAMILY = "1,2";
			};
			name = Debug;
		};
		844087D32DA192C300D7779F /* Release */ = {
			isa = XCBuildConfiguration;
			buildSettings = {
				ASSETCATALOG_COMPILER_APPICON_NAME = AppIcon;
				ASSETCATALOG_COMPILER_GLOBAL_ACCENT_COLOR_NAME = AccentColor;
				CODE_SIGN_IDENTITY = "Apple Development";
				CODE_SIGN_STYLE = Automatic;
				CURRENT_PROJECT_VERSION = 1;
				DEVELOPMENT_ASSET_PATHS = "\"PhotoCleaner/Preview Content\"";
				DEVELOPMENT_TEAM = CN66MVDHVX;
				ENABLE_PREVIEWS = YES;
				GENERATE_INFOPLIST_FILE = YES;
				INFOPLIST_KEY_NSPhotoLibraryUsageDescription = "$(PPOTOS)";
				INFOPLIST_KEY_UIApplicationSceneManifest_Generation = YES;
				INFOPLIST_KEY_UIApplicationSupportsIndirectInputEvents = YES;
				INFOPLIST_KEY_UILaunchScreen_Generation = YES;
				INFOPLIST_KEY_UISupportedInterfaceOrientations_iPad = "UIInterfaceOrientationPortrait UIInterfaceOrientationPortraitUpsideDown UIInterfaceOrientationLandscapeLeft UIInterfaceOrientationLandscapeRight";
				INFOPLIST_KEY_UISupportedInterfaceOrientations_iPhone = "UIInterfaceOrientationPortrait UIInterfaceOrientationLandscapeLeft UIInterfaceOrientationLandscapeRight";
				LD_RUNPATH_SEARCH_PATHS = (
					"$(inherited)",
					"@executable_path/Frameworks",
				);
				MARKETING_VERSION = 1.0;
				PRODUCT_BUNDLE_IDENTIFIER = alex.com.PhotoCleaner;
				PRODUCT_NAME = "$(TARGET_NAME)";
				PROVISIONING_PROFILE_SPECIFIER = "";
				SWIFT_EMIT_LOC_STRINGS = YES;
				SWIFT_VERSION = 5.0;
				TARGETED_DEVICE_FAMILY = "1,2";
			};
			name = Release;
		};
/* End XCBuildConfiguration section */

/* Begin XCConfigurationList section */
		844087BE2DA192C200D7779F /* Build configuration list for PBXProject "PhotoCleaner" */ = {
			isa = XCConfigurationList;
			buildConfigurations = (
				844087CF2DA192C300D7779F /* Debug */,
				844087D02DA192C300D7779F /* Release */,
			);
			defaultConfigurationIsVisible = 0;
			defaultConfigurationName = Release;
		};
		844087D12DA192C300D7779F /* Build configuration list for PBXNativeTarget "PhotoCleaner" */ = {
			isa = XCConfigurationList;
			buildConfigurations = (
				844087D22DA192C300D7779F /* Debug */,
				844087D32DA192C300D7779F /* Release */,
			);
			defaultConfigurationIsVisible = 0;
			defaultConfigurationName = Release;
		};
/* End XCConfigurationList section */
	};
	rootObject = 844087BB2DA192C200D7779F /* Project object */;
}
